PODS:
  - FDKeychain (1.3.0)
  - SVHTTPRequest (0.5)

DEPENDENCIES:
  - FDKeychain (~> 1.3)
  - SVHTTPRequest

SPEC CHECKSUMS:
  FDKeychain: bd010f28f97ffe7068b3421b77d162b5c2531d61
  SVHTTPRequest: e358f1e5817d8d28a749c3433e62c6acfed48d51

PODFILE CHECKSUM: 503d4688774d6d7d719e7a2730379d014ff45c7f

COCOAPODS: 1.1.1
